
Microsoft Visual Studio Solution File, Format Version 12.00
# Visual Studio 15
VisualStudioVersion = 15.0.28010.2046
MinimumVisualStudioVersion = 10.0.40219.1
Project("{9A19103F-16F7-4668-BE54-9A1E7A4F7556}") = "IncompetechDownloader", "IncompetechDownloader\IncompetechDownloader.csproj", "{3710C193-95F9-416D-8BE6-FAD03493623B}"
EndProject
Global
	GlobalSection(SolutionConfigurationPlatforms) = preSolution
		Debug|Any CPU = Debug|Any CPU
		Release|Any CPU = Release|Any CPU
	EndGlobalSection
	GlobalSection(ProjectConfigurationPlatforms) = postSolution
		{3710C193-95F9-416D-8BE6-FAD03493623B}.Debug|Any CPU.ActiveCfg = Debug|Any CPU
		{3710C193-95F9-416D-8BE6-FAD03493623B}.Debug|Any CPU.Build.0 = Debug|Any CPU
		{3710C193-95F9-416D-8BE6-FAD03493623B}.Release|Any CPU.ActiveCfg = Release|Any CPU
		{3710C193-95F9-416D-8BE6-FAD03493623B}.Release|Any CPU.Build.0 = Release|Any CPU
	EndGlobalSection
	GlobalSection(SolutionProperties) = preSolution
		HideSolutionNode = FALSE
	EndGlobalSection
	GlobalSection(ExtensibilityGlobals) = postSolution
		SolutionGuid = {AAE09E8A-3152-440F-9A16-70F30F080758}
	EndGlobalSection
EndGlobal
